
Microsoft Visual Studio Solution File, Format Version 12.00
# Visual Studio 15
Project("{FAE04EC0-301F-11D3-BF4B-00C04F79EFBC}") = "Zero.Test", "Zero.Test\Zero.Test.csproj", "{CDD495C3-F9B4-4C79-9D58-8DCC4DC29F4B}"
EndProject
Project("{FAE04EC0-301F-11D3-BF4B-00C04F79EFBC}") = "Zero.Test.Tests", "Zero.Test.Tests\Zero.Test.Tests.csproj", "{572A365F-8B1E-4080-AF58-53061962652C}"
EndProject
Global
	GlobalSection(SolutionConfigurationPlatforms) = preSolution
		Debug|Any CPU = Debug|Any CPU
		Release|Any CPU = Release|Any CPU
	EndGlobalSection
	GlobalSection(ProjectConfigurationPlatforms) = postSolution
		{CDD495C3-F9B4-4C79-9D58-8DCC4DC29F4B}.Debug|Any CPU.ActiveCfg = Debug|Any CPU
		{CDD495C3-F9B4-4C79-9D58-8DCC4DC29F4B}.Debug|Any CPU.Build.0 = Debug|Any CPU
		{CDD495C3-F9B4-4C79-9D58-8DCC4DC29F4B}.Release|Any CPU.ActiveCfg = Release|Any CPU
		{CDD495C3-F9B4-4C79-9D58-8DCC4DC29F4B}.Release|Any CPU.Build.0 = Release|Any CPU
		{572A365F-8B1E-4080-AF58-53061962652C}.Debug|Any CPU.ActiveCfg = Debug|Any CPU
		{572A365F-8B1E-4080-AF58-53061962652C}.Debug|Any CPU.Build.0 = Debug|Any CPU
		{572A365F-8B1E-4080-AF58-53061962652C}.Release|Any CPU.ActiveCfg = Release|Any CPU
		{572A365F-8B1E-4080-AF58-53061962652C}.Release|Any CPU.Build.0 = Release|Any CPU
	EndGlobalSection
EndGlobal
